
Microsoft Visual Studio Solution File, Format Version 12.00
# Visual Studio 15
Project("{FAE04EC0-301F-11D3-BF4B-00C04F79EFBC}") = "setVideo.Model", "setVideo.Model\setVideo.Model.csproj", "{B603FC56-9DF7-4041-88FB-88F47275E86B}"
EndProject
Project("{FAE04EC0-301F-11D3-BF4B-00C04F79EFBC}") = "setVideo.Repository", "setVideo.Repository\setVideo.Repository.csproj", "{187C3756-CFCA-42B2-8277-D580A56F2BCC}"
EndProject
Project("{FAE04EC0-301F-11D3-BF4B-00C04F79EFBC}") = "setVideo.Service", "setVideo.Service\setVideo.Service.csproj", "{EC16CC7F-CC07-4354-9C69-E4913081E3F7}"
EndProject
Project("{9344BDBB-3E7F-41FC-A0DD-8665D75EE146}") = "setVideo.test", "setVideo.test\setVideo.test.csproj", "{2EDBB17F-72E3-4A2A-97CE-380C929CC399}"
EndProject
Project("{FAE04EC0-301F-11D3-BF4B-00C04F79EFBC}") = "setVideo.WebApi", "setVideo.WebApi\setVideo.WebApi.csproj", "{75011A51-7A75-49E2-A59B-26D41997A17F}"
EndProject
Global
	GlobalSection(SolutionConfigurationPlatforms) = preSolution
		Debug|Any CPU = Debug|Any CPU
		Release|Any CPU = Release|Any CPU
	EndGlobalSection
	GlobalSection(ProjectConfigurationPlatforms) = postSolution
		{B603FC56-9DF7-4041-88FB-88F47275E86B}.Debug|Any CPU.ActiveCfg = Debug|Any CPU
		{B603FC56-9DF7-4041-88FB-88F47275E86B}.Debug|Any CPU.Build.0 = Debug|Any CPU
		{B603FC56-9DF7-4041-88FB-88F47275E86B}.Release|Any CPU.ActiveCfg = Release|Any CPU
		{B603FC56-9DF7-4041-88FB-88F47275E86B}.Release|Any CPU.Build.0 = Release|Any CPU
		{187C3756-CFCA-42B2-8277-D580A56F2BCC}.Debug|Any CPU.ActiveCfg = Debug|Any CPU
		{187C3756-CFCA-42B2-8277-D580A56F2BCC}.Debug|Any CPU.Build.0 = Debug|Any CPU
		{187C3756-CFCA-42B2-8277-D580A56F2BCC}.Release|Any CPU.ActiveCfg = Release|Any CPU
		{187C3756-CFCA-42B2-8277-D580A56F2BCC}.Release|Any CPU.Build.0 = Release|Any CPU
		{EC16CC7F-CC07-4354-9C69-E4913081E3F7}.Debug|Any CPU.ActiveCfg = Debug|Any CPU
		{EC16CC7F-CC07-4354-9C69-E4913081E3F7}.Debug|Any CPU.Build.0 = Debug|Any CPU
		{EC16CC7F-CC07-4354-9C69-E4913081E3F7}.Release|Any CPU.ActiveCfg = Release|Any CPU
		{EC16CC7F-CC07-4354-9C69-E4913081E3F7}.Release|Any CPU.Build.0 = Release|Any CPU
		{2EDBB17F-72E3-4A2A-97CE-380C929CC399}.Debug|Any CPU.ActiveCfg = Debug|Any CPU
		{2EDBB17F-72E3-4A2A-97CE-380C929CC399}.Debug|Any CPU.Build.0 = Debug|Any CPU
		{2EDBB17F-72E3-4A2A-97CE-380C929CC399}.Release|Any CPU.ActiveCfg = Release|Any CPU
		{2EDBB17F-72E3-4A2A-97CE-380C929CC399}.Release|Any CPU.Build.0 = Release|Any CPU
		{75011A51-7A75-49E2-A59B-26D41997A17F}.Debug|Any CPU.ActiveCfg = Debug|Any CPU
		{75011A51-7A75-49E2-A59B-26D41997A17F}.Debug|Any CPU.Build.0 = Debug|Any CPU
		{75011A51-7A75-49E2-A59B-26D41997A17F}.Release|Any CPU.ActiveCfg = Release|Any CPU
		{75011A51-7A75-49E2-A59B-26D41997A17F}.Release|Any CPU.Build.0 = Release|Any CPU
	EndGlobalSection
	GlobalSection(MonoDevelopProperties) = preSolution
		Policies = $0
		$0.DotNetNamingPolicy = $1
		$1.DirectoryNamespaceAssociation = PrefixedHierarchical
		$0.VersionControlPolicy = $2
		$2.CommitMessageStyle = $3
		$3.IncludeDirectoryPaths = True
		$3.LineAlign = 0
	EndGlobalSection
EndGlobal
